// !$*UTF8*$!
{
	archiveVersion = 1;
	classes = {
	};
	objectVersion = 56;
	objects = {

/* Begin PBXBuildFile section */
		0216354D29068644002321DF /* AgentDetailsView.swift in Sources */ = {isa = PBXBuildFile; fileRef = 0216354C29068644002321DF /* AgentDetailsView.swift */; };
		025D57AA2912B09400DD9B66 /* AbilitiesTabs.swift in Sources */ = {isa = PBXBuildFile; fileRef = 025D57A92912B09400DD9B66 /* AbilitiesTabs.swift */; };
		027E63C229B623100077A1CC /* CameraView.swift in Sources */ = {isa = PBXBuildFile; fileRef = 027E63C129B623100077A1CC /* CameraView.swift */; };
		027E63C629B6271A0077A1CC /* CameraViewModel.swift in Sources */ = {isa = PBXBuildFile; fileRef = 027E63C529B6271A0077A1CC /* CameraViewModel.swift */; };
		0293633F290696F5007C8839 /* ColorExt.swift in Sources */ = {isa = PBXBuildFile; fileRef = 0293633E290696F5007C8839 /* ColorExt.swift */; };
		02C9B3AA2908160000113BCF /* AgentHeader.swift in Sources */ = {isa = PBXBuildFile; fileRef = 02C9B3A92908160000113BCF /* AgentHeader.swift */; };
		02C9B3AC290817BB00113BCF /* AgentAvatar.swift in Sources */ = {isa = PBXBuildFile; fileRef = 02C9B3AB290817BB00113BCF /* AgentAvatar.swift */; };
		02D8BBF629101B5F00208B7B /* StringExt.swift in Sources */ = {isa = PBXBuildFile; fileRef = 02D8BBF529101B5F00208B7B /* StringExt.swift */; };
		02D8E80828FDB4A1006ACD69 /* RadianiteApp.swift in Sources */ = {isa = PBXBuildFile; fileRef = 02D8E80728FDB4A1006ACD69 /* RadianiteApp.swift */; };
		02D8E80A28FDB4A1006ACD69 /* AgentsView.swift in Sources */ = {isa = PBXBuildFile; fileRef = 02D8E80928FDB4A1006ACD69 /* AgentsView.swift */; };
		02D8E80C28FDB4A4006ACD69 /* Assets.xcassets in Resources */ = {isa = PBXBuildFile; fileRef = 02D8E80B28FDB4A4006ACD69 /* Assets.xcassets */; };
		02D8E81028FDB4A4006ACD69 /* Preview Assets.xcassets in Resources */ = {isa = PBXBuildFile; fileRef = 02D8E80F28FDB4A4006ACD69 /* Preview Assets.xcassets */; };
		02D8E81A28FDB4A4006ACD69 /* RadianiteTests.swift in Sources */ = {isa = PBXBuildFile; fileRef = 02D8E81928FDB4A4006ACD69 /* RadianiteTests.swift */; };
		02D8E82428FDB4A4006ACD69 /* RadianiteUITests.swift in Sources */ = {isa = PBXBuildFile; fileRef = 02D8E82328FDB4A4006ACD69 /* RadianiteUITests.swift */; };
		02D8E82628FDB4A4006ACD69 /* RadianiteUITestsLaunchTests.swift in Sources */ = {isa = PBXBuildFile; fileRef = 02D8E82528FDB4A4006ACD69 /* RadianiteUITestsLaunchTests.swift */; };
		02D8E83728FE9879006ACD69 /* Agent.swift in Sources */ = {isa = PBXBuildFile; fileRef = 02D8E83628FE9879006ACD69 /* Agent.swift */; };
		02D8E83928FE9F68006ACD69 /* AgentService.swift in Sources */ = {isa = PBXBuildFile; fileRef = 02D8E83828FE9F68006ACD69 /* AgentService.swift */; };
		02D8E83D28FEA8D1006ACD69 /* AgentsViewModel.swift in Sources */ = {isa = PBXBuildFile; fileRef = 02D8E83C28FEA8D1006ACD69 /* AgentsViewModel.swift */; };
		02D8E84028FEA9FC006ACD69 /* Protocols.swift in Sources */ = {isa = PBXBuildFile; fileRef = 02D8E83F28FEA9FC006ACD69 /* Protocols.swift */; };
		02D8E84228FEE6D7006ACD69 /* Endpoint.swift in Sources */ = {isa = PBXBuildFile; fileRef = 02D8E84128FEE6D7006ACD69 /* Endpoint.swift */; };
		02D8E8442902CAC7006ACD69 /* AgentListItem.swift in Sources */ = {isa = PBXBuildFile; fileRef = 02D8E8432902CAC7006ACD69 /* AgentListItem.swift */; };
		02EA2D2929C07F49008253E4 /* CameraPreview.swift in Sources */ = {isa = PBXBuildFile; fileRef = 02EA2D2829C07F49008253E4 /* CameraPreview.swift */; };
/* End PBXBuildFile section */

/* Begin PBXContainerItemProxy section */
		02D8E81628FDB4A4006ACD69 /* PBXContainerItemProxy */ = {
			isa = PBXContainerItemProxy;
			containerPortal = 02D8E7FC28FDB4A1006ACD69 /* Project object */;
			proxyType = 1;
			remoteGlobalIDString = 02D8E80328FDB4A1006ACD69;
			remoteInfo = Radianite;
		};
		02D8E82028FDB4A4006ACD69 /* PBXContainerItemProxy */ = {
			isa = PBXContainerItemProxy;
			containerPortal = 02D8E7FC28FDB4A1006ACD69 /* Project object */;
			proxyType = 1;
			remoteGlobalIDString = 02D8E80328FDB4A1006ACD69;
			remoteInfo = Radianite;
		};
/* End PBXContainerItemProxy section */

/* Begin PBXFileReference section */
		0216354C29068644002321DF /* AgentDetailsView.swift */ = {isa = PBXFileReference; lastKnownFileType = sourcecode.swift; path = AgentDetailsView.swift; sourceTree = "<group>"; };
		025D57A92912B09400DD9B66 /* AbilitiesTabs.swift */ = {isa = PBXFileReference; lastKnownFileType = sourcecode.swift; path = AbilitiesTabs.swift; sourceTree = "<group>"; };
		027E63C129B623100077A1CC /* CameraView.swift */ = {isa = PBXFileReference; lastKnownFileType = sourcecode.swift; path = CameraView.swift; sourceTree = "<group>"; };
		027E63C529B6271A0077A1CC /* CameraViewModel.swift */ = {isa = PBXFileReference; lastKnownFileType = sourcecode.swift; path = CameraViewModel.swift; sourceTree = "<group>"; };
		0293633E290696F5007C8839 /* ColorExt.swift */ = {isa = PBXFileReference; lastKnownFileType = sourcecode.swift; path = ColorExt.swift; sourceTree = "<group>"; };
		02C9B3A92908160000113BCF /* AgentHeader.swift */ = {isa = PBXFileReference; lastKnownFileType = sourcecode.swift; path = AgentHeader.swift; sourceTree = "<group>"; };
		02C9B3AB290817BB00113BCF /* AgentAvatar.swift */ = {isa = PBXFileReference; lastKnownFileType = sourcecode.swift; path = AgentAvatar.swift; sourceTree = "<group>"; };
		02D5AA1C29BF325600E19FA5 /* Info.plist */ = {isa = PBXFileReference; lastKnownFileType = text.plist; path = Info.plist; sourceTree = "<group>"; };
		02D8BBF529101B5F00208B7B /* StringExt.swift */ = {isa = PBXFileReference; lastKnownFileType = sourcecode.swift; path = StringExt.swift; sourceTree = "<group>"; };
		02D8E80428FDB4A1006ACD69 /* Radianite.app */ = {isa = PBXFileReference; explicitFileType = wrapper.application; includeInIndex = 0; path = Radianite.app; sourceTree = BUILT_PRODUCTS_DIR; };
		02D8E80728FDB4A1006ACD69 /* RadianiteApp.swift */ = {isa = PBXFileReference; lastKnownFileType = sourcecode.swift; path = RadianiteApp.swift; sourceTree = "<group>"; };
		02D8E80928FDB4A1006ACD69 /* AgentsView.swift */ = {isa = PBXFileReference; lastKnownFileType = sourcecode.swift; path = AgentsView.swift; sourceTree = "<group>"; };
		02D8E80B28FDB4A4006ACD69 /* Assets.xcassets */ = {isa = PBXFileReference; lastKnownFileType = folder.assetcatalog; path = Assets.xcassets; sourceTree = "<group>"; };
		02D8E80D28FDB4A4006ACD69 /* Radianite.entitlements */ = {isa = PBXFileReference; lastKnownFileType = text.plist.entitlements; path = Radianite.entitlements; sourceTree = "<group>"; };
		02D8E80F28FDB4A4006ACD69 /* Preview Assets.xcassets */ = {isa = PBXFileReference; lastKnownFileType = folder.assetcatalog; path = "Preview Assets.xcassets"; sourceTree = "<group>"; };
		02D8E81528FDB4A4006ACD69 /* RadianiteTests.xctest */ = {isa = PBXFileReference; explicitFileType = wrapper.cfbundle; includeInIndex = 0; path = RadianiteTests.xctest; sourceTree = BUILT_PRODUCTS_DIR; };
		02D8E81928FDB4A4006ACD69 /* RadianiteTests.swift */ = {isa = PBXFileReference; lastKnownFileType = sourcecode.swift; path = RadianiteTests.swift; sourceTree = "<group>"; };
		02D8E81F28FDB4A4006ACD69 /* RadianiteUITests.xctest */ = {isa = PBXFileReference; explicitFileType = wrapper.cfbundle; includeInIndex = 0; path = RadianiteUITests.xctest; sourceTree = BUILT_PRODUCTS_DIR; };
		02D8E82328FDB4A4006ACD69 /* RadianiteUITests.swift */ = {isa = PBXFileReference; lastKnownFileType = sourcecode.swift; path = RadianiteUITests.swift; sourceTree = "<group>"; };
		02D8E82528FDB4A4006ACD69 /* RadianiteUITestsLaunchTests.swift */ = {isa = PBXFileReference; lastKnownFileType = sourcecode.swift; path = RadianiteUITestsLaunchTests.swift; sourceTree = "<group>"; };
		02D8E83628FE9879006ACD69 /* Agent.swift */ = {isa = PBXFileReference; lastKnownFileType = sourcecode.swift; path = Agent.swift; sourceTree = "<group>"; };
		02D8E83828FE9F68006ACD69 /* AgentService.swift */ = {isa = PBXFileReference; lastKnownFileType = sourcecode.swift; path = AgentService.swift; sourceTree = "<group>"; };
		02D8E83C28FEA8D1006ACD69 /* AgentsViewModel.swift */ = {isa = PBXFileReference; lastKnownFileType = sourcecode.swift; path = AgentsViewModel.swift; sourceTree = "<group>"; };
		02D8E83F28FEA9FC006ACD69 /* Protocols.swift */ = {isa = PBXFileReference; lastKnownFileType = sourcecode.swift; path = Protocols.swift; sourceTree = "<group>"; };
		02D8E84128FEE6D7006ACD69 /* Endpoint.swift */ = {isa = PBXFileReference; lastKnownFileType = sourcecode.swift; path = Endpoint.swift; sourceTree = "<group>"; };
		02D8E8432902CAC7006ACD69 /* AgentListItem.swift */ = {isa = PBXFileReference; lastKnownFileType = sourcecode.swift; path = AgentListItem.swift; sourceTree = "<group>"; };
		02EA2D2829C07F49008253E4 /* CameraPreview.swift */ = {isa = PBXFileReference; lastKnownFileType = sourcecode.swift; path = CameraPreview.swift; sourceTree = "<group>"; };
/* End PBXFileReference section */

/* Begin PBXFrameworksBuildPhase section */
		02D8E80128FDB4A1006ACD69 /* Frameworks */ = {
			isa = PBXFrameworksBuildPhase;
			buildActionMask = 2147483647;
			files = (
			);
			runOnlyForDeploymentPostprocessing = 0;
		};
		02D8E81228FDB4A4006ACD69 /* Frameworks */ = {
			isa = PBXFrameworksBuildPhase;
			buildActionMask = 2147483647;
			files = (
			);
			runOnlyForDeploymentPostprocessing = 0;
		};
		02D8E81C28FDB4A4006ACD69 /* Frameworks */ = {
			isa = PBXFrameworksBuildPhase;
			buildActionMask = 2147483647;
			files = (
			);
			runOnlyForDeploymentPostprocessing = 0;
		};
/* End PBXFrameworksBuildPhase section */

/* Begin PBXGroup section */
		0216354A29068609002321DF /* Home */ = {
			isa = PBXGroup;
			children = (
				02D8E80928FDB4A1006ACD69 /* AgentsView.swift */,
				02D8E83C28FEA8D1006ACD69 /* AgentsViewModel.swift */,
				02D8E8432902CAC7006ACD69 /* AgentListItem.swift */,
			);
			path = Home;
			sourceTree = "<group>";
		};
		0216354B29068615002321DF /* Details */ = {
			isa = PBXGroup;
			children = (
				0216354C29068644002321DF /* AgentDetailsView.swift */,
				02C9B3A92908160000113BCF /* AgentHeader.swift */,
				02C9B3AB290817BB00113BCF /* AgentAvatar.swift */,
				025D57A92912B09400DD9B66 /* AbilitiesTabs.swift */,
			);
			path = Details;
			sourceTree = "<group>";
		};
		027E63C029B622E40077A1CC /* Camera */ = {
			isa = PBXGroup;
			children = (
				027E63C129B623100077A1CC /* CameraView.swift */,
				027E63C529B6271A0077A1CC /* CameraViewModel.swift */,
				02EA2D2829C07F49008253E4 /* CameraPreview.swift */,
			);
			path = Camera;
			sourceTree = "<group>";
		};
		02D8E7FB28FDB4A1006ACD69 = {
			isa = PBXGroup;
			children = (
				02D8E80628FDB4A1006ACD69 /* Radianite */,
				02D8E81828FDB4A4006ACD69 /* RadianiteTests */,
				02D8E82228FDB4A4006ACD69 /* RadianiteUITests */,
				02D8E80528FDB4A1006ACD69 /* Products */,
			);
			sourceTree = "<group>";
		};
		02D8E80528FDB4A1006ACD69 /* Products */ = {
			isa = PBXGroup;
			children = (
				02D8E80428FDB4A1006ACD69 /* Radianite.app */,
				02D8E81528FDB4A4006ACD69 /* RadianiteTests.xctest */,
				02D8E81F28FDB4A4006ACD69 /* RadianiteUITests.xctest */,
			);
			name = Products;
			sourceTree = "<group>";
		};
		02D8E80628FDB4A1006ACD69 /* Radianite */ = {
			isa = PBXGroup;
			children = (
				02D5AA1C29BF325600E19FA5 /* Info.plist */,
				02D8E83E28FEA9F0006ACD69 /* Utils */,
				02D8E83528FE97AD006ACD69 /* App */,
				02D8E83428FE979E006ACD69 /* Views */,
				02D8E83328FE9795006ACD69 /* Models */,
				02D8E83228FE9782006ACD69 /* Services */,
				02D8E80B28FDB4A4006ACD69 /* Assets.xcassets */,
				02D8E80D28FDB4A4006ACD69 /* Radianite.entitlements */,
				02D8E80E28FDB4A4006ACD69 /* Preview Content */,
			);
			path = Radianite;
			sourceTree = "<group>";
		};
		02D8E80E28FDB4A4006ACD69 /* Preview Content */ = {
			isa = PBXGroup;
			children = (
				02D8E80F28FDB4A4006ACD69 /* Preview Assets.xcassets */,
			);
			path = "Preview Content";
			sourceTree = "<group>";
		};
		02D8E81828FDB4A4006ACD69 /* RadianiteTests */ = {
			isa = PBXGroup;
			children = (
				02D8E81928FDB4A4006ACD69 /* RadianiteTests.swift */,
			);
			path = RadianiteTests;
			sourceTree = "<group>";
		};
		02D8E82228FDB4A4006ACD69 /* RadianiteUITests */ = {
			isa = PBXGroup;
			children = (
				02D8E82328FDB4A4006ACD69 /* RadianiteUITests.swift */,
				02D8E82528FDB4A4006ACD69 /* RadianiteUITestsLaunchTests.swift */,
			);
			path = RadianiteUITests;
			sourceTree = "<group>";
		};
		02D8E83228FE9782006ACD69 /* Services */ = {
			isa = PBXGroup;
			children = (
				02D8E83828FE9F68006ACD69 /* AgentService.swift */,
				02D8E84128FEE6D7006ACD69 /* Endpoint.swift */,
			);
			path = Services;
			sourceTree = "<group>";
		};
		02D8E83328FE9795006ACD69 /* Models */ = {
			isa = PBXGroup;
			children = (
				02D8E83628FE9879006ACD69 /* Agent.swift */,
			);
			path = Models;
			sourceTree = "<group>";
		};
		02D8E83428FE979E006ACD69 /* Views */ = {
			isa = PBXGroup;
			children = (
				027E63C029B622E40077A1CC /* Camera */,
				0216354B29068615002321DF /* Details */,
				0216354A29068609002321DF /* Home */,
			);
			path = Views;
			sourceTree = "<group>";
		};
		02D8E83528FE97AD006ACD69 /* App */ = {
			isa = PBXGroup;
			children = (
				02D8E80728FDB4A1006ACD69 /* RadianiteApp.swift */,
			);
			path = App;
			sourceTree = "<group>";
		};
		02D8E83E28FEA9F0006ACD69 /* Utils */ = {
			isa = PBXGroup;
			children = (
				02D8E83F28FEA9FC006ACD69 /* Protocols.swift */,
				0293633E290696F5007C8839 /* ColorExt.swift */,
				02D8BBF529101B5F00208B7B /* StringExt.swift */,
			);
			path = Utils;
			sourceTree = "<group>";
		};
/* End PBXGroup section */

/* Begin PBXNativeTarget section */
		02D8E80328FDB4A1006ACD69 /* Radianite */ = {
			isa = PBXNativeTarget;
			buildConfigurationList = 02D8E82928FDB4A4006ACD69 /* Build configuration list for PBXNativeTarget "Radianite" */;
			buildPhases = (
				02D8E80028FDB4A1006ACD69 /* Sources */,
				02D8E80128FDB4A1006ACD69 /* Frameworks */,
				02D8E80228FDB4A1006ACD69 /* Resources */,
			);
			buildRules = (
			);
			dependencies = (
			);
			name = Radianite;
			productName = Radianite;
			productReference = 02D8E80428FDB4A1006ACD69 /* Radianite.app */;
			productType = "com.apple.product-type.application";
		};
		02D8E81428FDB4A4006ACD69 /* RadianiteTests */ = {
			isa = PBXNativeTarget;
			buildConfigurationList = 02D8E82C28FDB4A4006ACD69 /* Build configuration list for PBXNativeTarget "RadianiteTests" */;
			buildPhases = (
				02D8E81128FDB4A4006ACD69 /* Sources */,
				02D8E81228FDB4A4006ACD69 /* Frameworks */,
				02D8E81328FDB4A4006ACD69 /* Resources */,
			);
			buildRules = (
			);
			dependencies = (
				02D8E81728FDB4A4006ACD69 /* PBXTargetDependency */,
			);
			name = RadianiteTests;
			productName = RadianiteTests;
			productReference = 02D8E81528FDB4A4006ACD69 /* RadianiteTests.xctest */;
			productType = "com.apple.product-type.bundle.unit-test";
		};
		02D8E81E28FDB4A4006ACD69 /* RadianiteUITests */ = {
			isa = PBXNativeTarget;
			buildConfigurationList = 02D8E82F28FDB4A4006ACD69 /* Build configuration list for PBXNativeTarget "RadianiteUITests" */;
			buildPhases = (
				02D8E81B28FDB4A4006ACD69 /* Sources */,
				02D8E81C28FDB4A4006ACD69 /* Frameworks */,
				02D8E81D28FDB4A4006ACD69 /* Resources */,
			);
			buildRules = (
			);
			dependencies = (
				02D8E82128FDB4A4006ACD69 /* PBXTargetDependency */,
			);
			name = RadianiteUITests;
			productName = RadianiteUITests;
			productReference = 02D8E81F28FDB4A4006ACD69 /* RadianiteUITests.xctest */;
			productType = "com.apple.product-type.bundle.ui-testing";
		};
/* End PBXNativeTarget section */

/* Begin PBXProject section */
		02D8E7FC28FDB4A1006ACD69 /* Project object */ = {
			isa = PBXProject;
			attributes = {
				BuildIndependentTargetsInParallel = 1;
				LastSwiftUpdateCheck = 1400;
				LastUpgradeCheck = 1410;
				TargetAttributes = {
					02D8E80328FDB4A1006ACD69 = {
						CreatedOnToolsVersion = 14.0.1;
					};
					02D8E81428FDB4A4006ACD69 = {
						CreatedOnToolsVersion = 14.0.1;
						TestTargetID = 02D8E80328FDB4A1006ACD69;
					};
					02D8E81E28FDB4A4006ACD69 = {
						CreatedOnToolsVersion = 14.0.1;
						TestTargetID = 02D8E80328FDB4A1006ACD69;
					};
				};
			};
			buildConfigurationList = 02D8E7FF28FDB4A1006ACD69 /* Build configuration list for PBXProject "Radianite" */;
			compatibilityVersion = "Xcode 14.0";
			developmentRegion = en;
			hasScannedForEncodings = 0;
			knownRegions = (
				en,
				Base,
			);
			mainGroup = 02D8E7FB28FDB4A1006ACD69;
			productRefGroup = 02D8E80528FDB4A1006ACD69 /* Products */;
			projectDirPath = "";
			projectRoot = "";
			targets = (
				02D8E80328FDB4A1006ACD69 /* Radianite */,
				02D8E81428FDB4A4006ACD69 /* RadianiteTests */,
				02D8E81E28FDB4A4006ACD69 /* RadianiteUITests */,
			);
		};
/* End PBXProject section */

/* Begin PBXResourcesBuildPhase section */
		02D8E80228FDB4A1006ACD69 /* Resources */ = {
			isa = PBXResourcesBuildPhase;
			buildActionMask = 2147483647;
			files = (
				02D8E81028FDB4A4006ACD69 /* Preview Assets.xcassets in Resources */,
				02D8E80C28FDB4A4006ACD69 /* Assets.xcassets in Resources */,
			);
			runOnlyForDeploymentPostprocessing = 0;
		};
		02D8E81328FDB4A4006ACD69 /* Resources */ = {
			isa = PBXResourcesBuildPhase;
			buildActionMask = 2147483647;
			files = (
			);
			runOnlyForDeploymentPostprocessing = 0;
		};
		02D8E81D28FDB4A4006ACD69 /* Resources */ = {
			isa = PBXResourcesBuildPhase;
			buildActionMask = 2147483647;
			files = (
			);
			runOnlyForDeploymentPostprocessing = 0;
		};
/* End PBXResourcesBuildPhase section */

/* Begin PBXSourcesBuildPhase section */
		02D8E80028FDB4A1006ACD69 /* Sources */ = {
			isa = PBXSourcesBuildPhase;
			buildActionMask = 2147483647;
			files = (
				02D8E8442902CAC7006ACD69 /* AgentListItem.swift in Sources */,
				02D8BBF629101B5F00208B7B /* StringExt.swift in Sources */,
				0293633F290696F5007C8839 /* ColorExt.swift in Sources */,
				02EA2D2929C07F49008253E4 /* CameraPreview.swift in Sources */,
				027E63C229B623100077A1CC /* CameraView.swift in Sources */,
				02C9B3AC290817BB00113BCF /* AgentAvatar.swift in Sources */,
				02D8E83D28FEA8D1006ACD69 /* AgentsViewModel.swift in Sources */,
				02D8E83728FE9879006ACD69 /* Agent.swift in Sources */,
				025D57AA2912B09400DD9B66 /* AbilitiesTabs.swift in Sources */,
				0216354D29068644002321DF /* AgentDetailsView.swift in Sources */,
				02C9B3AA2908160000113BCF /* AgentHeader.swift in Sources */,
				02D8E83928FE9F68006ACD69 /* AgentService.swift in Sources */,
				02D8E80A28FDB4A1006ACD69 /* AgentsView.swift in Sources */,
				02D8E80828FDB4A1006ACD69 /* RadianiteApp.swift in Sources */,
				02D8E84228FEE6D7006ACD69 /* Endpoint.swift in Sources */,
				027E63C629B6271A0077A1CC /* CameraViewModel.swift in Sources */,
				02D8E84028FEA9FC006ACD69 /* Protocols.swift in Sources */,
			);
			runOnlyForDeploymentPostprocessing = 0;
		};
		02D8E81128FDB4A4006ACD69 /* Sources */ = {
			isa = PBXSourcesBuildPhase;
			buildActionMask = 2147483647;
			files = (
				02D8E81A28FDB4A4006ACD69 /* RadianiteTests.swift in Sources */,
			);
			runOnlyForDeploymentPostprocessing = 0;
		};
		02D8E81B28FDB4A4006ACD69 /* Sources */ = {
			isa = PBXSourcesBuildPhase;
			buildActionMask = 2147483647;
			files = (
				02D8E82628FDB4A4006ACD69 /* RadianiteUITestsLaunchTests.swift in Sources */,
				02D8E82428FDB4A4006ACD69 /* RadianiteUITests.swift in Sources */,
			);
			runOnlyForDeploymentPostprocessing = 0;
		};
/* End PBXSourcesBuildPhase section */

/* Begin PBXTargetDependency section */
		02D8E81728FDB4A4006ACD69 /* PBXTargetDependency */ = {
			isa = PBXTargetDependency;
			target = 02D8E80328FDB4A1006ACD69 /* Radianite */;
			targetProxy = 02D8E81628FDB4A4006ACD69 /* PBXContainerItemProxy */;
		};
		02D8E82128FDB4A4006ACD69 /* PBXTargetDependency */ = {
			isa = PBXTargetDependency;
			target = 02D8E80328FDB4A1006ACD69 /* Radianite */;
			targetProxy = 02D8E82028FDB4A4006ACD69 /* PBXContainerItemProxy */;
		};
/* End PBXTargetDependency section */

/* Begin XCBuildConfiguration section */
		02D8E82728FDB4A4006ACD69 /* Debug */ = {
			isa = XCBuildConfiguration;
			buildSettings = {
				ALWAYS_SEARCH_USER_PATHS = NO;
				CLANG_ANALYZER_NONNULL = YES;
				CLANG_ANALYZER_NUMBER_OBJECT_CONVERSION = YES_AGGRESSIVE;
				CLANG_CXX_LANGUAGE_STANDARD = "gnu++20";
				CLANG_ENABLE_MODULES = YES;
				CLANG_ENABLE_OBJC_ARC = YES;
				CLANG_ENABLE_OBJC_WEAK = YES;
				CLANG_WARN_BLOCK_CAPTURE_AUTORELEASING = YES;
				CLANG_WARN_BOOL_CONVERSION = YES;
				CLANG_WARN_COMMA = YES;
				CLANG_WARN_CONSTANT_CONVERSION = YES;
				CLANG_WARN_DEPRECATED_OBJC_IMPLEMENTATIONS = YES;
				CLANG_WARN_DIRECT_OBJC_ISA_USAGE = YES_ERROR;
				CLANG_WARN_DOCUMENTATION_COMMENTS = YES;
				CLANG_WARN_EMPTY_BODY = YES;
				CLANG_WARN_ENUM_CONVERSION = YES;
				CLANG_WARN_INFINITE_RECURSION = YES;
				CLANG_WARN_INT_CONVERSION = YES;
				CLANG_WARN_NON_LITERAL_NULL_CONVERSION = YES;
				CLANG_WARN_OBJC_IMPLICIT_RETAIN_SELF = YES;
				CLANG_WARN_OBJC_LITERAL_CONVERSION = YES;
				CLANG_WARN_OBJC_ROOT_CLASS = YES_ERROR;
				CLANG_WARN_QUOTED_INCLUDE_IN_FRAMEWORK_HEADER = YES;
				CLANG_WARN_RANGE_LOOP_ANALYSIS = YES;
				CLANG_WARN_STRICT_PROTOTYPES = YES;
				CLANG_WARN_SUSPICIOUS_MOVE = YES;
				CLANG_WARN_UNGUARDED_AVAILABILITY = YES_AGGRESSIVE;
				CLANG_WARN_UNREACHABLE_CODE = YES;
				CLANG_WARN__DUPLICATE_METHOD_MATCH = YES;
				COPY_PHASE_STRIP = NO;
				DEAD_CODE_STRIPPING = YES;
				DEBUG_INFORMATION_FORMAT = dwarf;
				ENABLE_STRICT_OBJC_MSGSEND = YES;
				ENABLE_TESTABILITY = YES;
				GCC_C_LANGUAGE_STANDARD = gnu11;
				GCC_DYNAMIC_NO_PIC = NO;
				GCC_NO_COMMON_BLOCKS = YES;
				GCC_OPTIMIZATION_LEVEL = 0;
				GCC_PREPROCESSOR_DEFINITIONS = (
					"DEBUG=1",
					"$(inherited)",
				);
				GCC_WARN_64_TO_32_BIT_CONVERSION = YES;
				GCC_WARN_ABOUT_RETURN_TYPE = YES_ERROR;
				GCC_WARN_UNDECLARED_SELECTOR = YES;
				GCC_WARN_UNINITIALIZED_AUTOS = YES_AGGRESSIVE;
				GCC_WARN_UNUSED_FUNCTION = YES;
				GCC_WARN_UNUSED_VARIABLE = YES;
				MTL_ENABLE_DEBUG_INFO = INCLUDE_SOURCE;
				MTL_FAST_MATH = YES;
				ONLY_ACTIVE_ARCH = YES;
				SWIFT_ACTIVE_COMPILATION_CONDITIONS = DEBUG;
				SWIFT_OPTIMIZATION_LEVEL = "-Onone";
			};
			name = Debug;
		};
		02D8E82828FDB4A4006ACD69 /* Release */ = {
			isa = XCBuildConfiguration;
			buildSettings = {
				ALWAYS_SEARCH_USER_PATHS = NO;
				CLANG_ANALYZER_NONNULL = YES;
				CLANG_ANALYZER_NUMBER_OBJECT_CONVERSION = YES_AGGRESSIVE;
				CLANG_CXX_LANGUAGE_STANDARD = "gnu++20";
				CLANG_ENABLE_MODULES = YES;
				CLANG_ENABLE_OBJC_ARC = YES;
				CLANG_ENABLE_OBJC_WEAK = YES;
				CLANG_WARN_BLOCK_CAPTURE_AUTORELEASING = YES;
				CLANG_WARN_BOOL_CONVERSION = YES;
				CLANG_WARN_COMMA = YES;
				CLANG_WARN_CONSTANT_CONVERSION = YES;
				CLANG_WARN_DEPRECATED_OBJC_IMPLEMENTATIONS = YES;
				CLANG_WARN_DIRECT_OBJC_ISA_USAGE = YES_ERROR;
				CLANG_WARN_DOCUMENTATION_COMMENTS = YES;
				CLANG_WARN_EMPTY_BODY = YES;
				CLANG_WARN_ENUM_CONVERSION = YES;
				CLANG_WARN_INFINITE_RECURSION = YES;
				CLANG_WARN_INT_CONVERSION = YES;
				CLANG_WARN_NON_LITERAL_NULL_CONVERSION = YES;
				CLANG_WARN_OBJC_IMPLICIT_RETAIN_SELF = YES;
				CLANG_WARN_OBJC_LITERAL_CONVERSION = YES;
				CLANG_WARN_OBJC_ROOT_CLASS = YES_ERROR;
				CLANG_WARN_QUOTED_INCLUDE_IN_FRAMEWORK_HEADER = YES;
				CLANG_WARN_RANGE_LOOP_ANALYSIS = YES;
				CLANG_WARN_STRICT_PROTOTYPES = YES;
				CLANG_WARN_SUSPICIOUS_MOVE = YES;
				CLANG_WARN_UNGUARDED_AVAILABILITY = YES_AGGRESSIVE;
				CLANG_WARN_UNREACHABLE_CODE = YES;
				CLANG_WARN__DUPLICATE_METHOD_MATCH = YES;
				COPY_PHASE_STRIP = NO;
				DEAD_CODE_STRIPPING = YES;
				DEBUG_INFORMATION_FORMAT = "dwarf-with-dsym";
				ENABLE_NS_ASSERTIONS = NO;
				ENABLE_STRICT_OBJC_MSGSEND = YES;
				GCC_C_LANGUAGE_STANDARD = gnu11;
				GCC_NO_COMMON_BLOCKS = YES;
				GCC_WARN_64_TO_32_BIT_CONVERSION = YES;
				GCC_WARN_ABOUT_RETURN_TYPE = YES_ERROR;
				GCC_WARN_UNDECLARED_SELECTOR = YES;
				GCC_WARN_UNINITIALIZED_AUTOS = YES_AGGRESSIVE;
				GCC_WARN_UNUSED_FUNCTION = YES;
				GCC_WARN_UNUSED_VARIABLE = YES;
				MTL_ENABLE_DEBUG_INFO = NO;
				MTL_FAST_MATH = YES;
				SWIFT_COMPILATION_MODE = wholemodule;
				SWIFT_OPTIMIZATION_LEVEL = "-O";
			};
			name = Release;
		};
		02D8E82A28FDB4A4006ACD69 /* Debug */ = {
			isa = XCBuildConfiguration;
			buildSettings = {
				ASSETCATALOG_COMPILER_APPICON_NAME = AppIcon;
				ASSETCATALOG_COMPILER_GLOBAL_ACCENT_COLOR_NAME = AccentColor;
				CODE_SIGN_ENTITLEMENTS = Radianite/Radianite.entitlements;
				CODE_SIGN_IDENTITY = "-";
				"CODE_SIGN_IDENTITY[sdk=iphoneos*]" = "Apple Development";
				CODE_SIGN_STYLE = Automatic;
				CURRENT_PROJECT_VERSION = 1;
				DEAD_CODE_STRIPPING = YES;
				DEVELOPMENT_ASSET_PATHS = "\"Radianite/Preview Content\"";
				DEVELOPMENT_TEAM = M6TAN2VDBC;
				ENABLE_HARDENED_RUNTIME = YES;
				ENABLE_PREVIEWS = YES;
				GENERATE_INFOPLIST_FILE = YES;
				INFOPLIST_FILE = Radianite/Info.plist;
				INFOPLIST_KEY_NSCameraUsageDescription = "My homies just accept :p";
				"INFOPLIST_KEY_UIApplicationSceneManifest_Generation[sdk=iphoneos*]" = YES;
				"INFOPLIST_KEY_UIApplicationSceneManifest_Generation[sdk=iphonesimulator*]" = YES;
				"INFOPLIST_KEY_UIApplicationSupportsIndirectInputEvents[sdk=iphoneos*]" = YES;
				"INFOPLIST_KEY_UIApplicationSupportsIndirectInputEvents[sdk=iphonesimulator*]" = YES;
				"INFOPLIST_KEY_UILaunchScreen_Generation[sdk=iphoneos*]" = YES;
				"INFOPLIST_KEY_UILaunchScreen_Generation[sdk=iphonesimulator*]" = YES;
				"INFOPLIST_KEY_UIStatusBarStyle[sdk=iphoneos*]" = UIStatusBarStyleDefault;
				"INFOPLIST_KEY_UIStatusBarStyle[sdk=iphonesimulator*]" = UIStatusBarStyleDefault;
				INFOPLIST_KEY_UISupportedInterfaceOrientations_iPad = "UIInterfaceOrientationPortrait UIInterfaceOrientationPortraitUpsideDown UIInterfaceOrientationLandscapeLeft UIInterfaceOrientationLandscapeRight";
				INFOPLIST_KEY_UISupportedInterfaceOrientations_iPhone = "UIInterfaceOrientationPortrait UIInterfaceOrientationLandscapeLeft UIInterfaceOrientationLandscapeRight";
				IPHONEOS_DEPLOYMENT_TARGET = 16.0;
				LD_RUNPATH_SEARCH_PATHS = "@executable_path/Frameworks";
				"LD_RUNPATH_SEARCH_PATHS[sdk=macosx*]" = "@executable_path/../Frameworks";
				MACOSX_DEPLOYMENT_TARGET = 12.3;
				MARKETING_VERSION = 1.0;
				PRODUCT_BUNDLE_IDENTIFIER = io.rymcode.Radianite;
				PRODUCT_NAME = "$(TARGET_NAME)";
				SDKROOT = auto;
				SUPPORTED_PLATFORMS = "iphoneos iphonesimulator macosx";
				SWIFT_EMIT_LOC_STRINGS = YES;
				SWIFT_VERSION = 5.0;
				TARGETED_DEVICE_FAMILY = "1,2";
			};
			name = Debug;
		};
		02D8E82B28FDB4A4006ACD69 /* Release */ = {
			isa = XCBuildConfiguration;
			buildSettings = {
				ASSETCATALOG_COMPILER_APPICON_NAME = AppIcon;
				ASSETCATALOG_COMPILER_GLOBAL_ACCENT_COLOR_NAME = AccentColor;
				CODE_SIGN_ENTITLEMENTS = Radianite/Radianite.entitlements;
				CODE_SIGN_IDENTITY = "-";
				"CODE_SIGN_IDENTITY[sdk=iphoneos*]" = "Apple Development";
				CODE_SIGN_STYLE = Automatic;
				CURRENT_PROJECT_VERSION = 1;
				DEAD_CODE_STRIPPING = YES;
				DEVELOPMENT_ASSET_PATHS = "\"Radianite/Preview Content\"";
				DEVELOPMENT_TEAM = M6TAN2VDBC;
				ENABLE_HARDENED_RUNTIME = YES;
				ENABLE_PREVIEWS = YES;
				GENERATE_INFOPLIST_FILE = YES;
				INFOPLIST_FILE = Radianite/Info.plist;
				INFOPLIST_KEY_NSCameraUsageDescription = "My homies just accept :p";
				"INFOPLIST_KEY_UIApplicationSceneManifest_Generation[sdk=iphoneos*]" = YES;
				"INFOPLIST_KEY_UIApplicationSceneManifest_Generation[sdk=iphonesimulator*]" = YES;
				"INFOPLIST_KEY_UIApplicationSupportsIndirectInputEvents[sdk=iphoneos*]" = YES;
				"INFOPLIST_KEY_UIApplicationSupportsIndirectInputEvents[sdk=iphonesimulator*]" = YES;
				"INFOPLIST_KEY_UILaunchScreen_Generation[sdk=iphoneos*]" = YES;
				"INFOPLIST_KEY_UILaunchScreen_Generation[sdk=iphonesimulator*]" = YES;
				"INFOPLIST_KEY_UIStatusBarStyle[sdk=iphoneos*]" = UIStatusBarStyleDefault;
				"INFOPLIST_KEY_UIStatusBarStyle[sdk=iphonesimulator*]" = UIStatusBarStyleDefault;
				INFOPLIST_KEY_UISupportedInterfaceOrientations_iPad = "UIInterfaceOrientationPortrait UIInterfaceOrientationPortraitUpsideDown UIInterfaceOrientationLandscapeLeft UIInterfaceOrientationLandscapeRight";
				INFOPLIST_KEY_UISupportedInterfaceOrientations_iPhone = "UIInterfaceOrientationPortrait UIInterfaceOrientationLandscapeLeft UIInterfaceOrientationLandscapeRight";
				IPHONEOS_DEPLOYMENT_TARGET = 16.0;
				LD_RUNPATH_SEARCH_PATHS = "@executable_path/Frameworks";
				"LD_RUNPATH_SEARCH_PATHS[sdk=macosx*]" = "@executable_path/../Frameworks";
				MACOSX_DEPLOYMENT_TARGET = 12.3;
				MARKETING_VERSION = 1.0;
				PRODUCT_BUNDLE_IDENTIFIER = io.rymcode.Radianite;
				PRODUCT_NAME = "$(TARGET_NAME)";
				SDKROOT = auto;
				SUPPORTED_PLATFORMS = "iphoneos iphonesimulator macosx";
				SWIFT_EMIT_LOC_STRINGS = YES;
				SWIFT_VERSION = 5.0;
				TARGETED_DEVICE_FAMILY = "1,2";
			};
			name = Release;
		};
		02D8E82D28FDB4A4006ACD69 /* Debug */ = {
			isa = XCBuildConfiguration;
			buildSettings = {
				ALWAYS_EMBED_SWIFT_STANDARD_LIBRARIES = YES;
				BUNDLE_LOADER = "$(TEST_HOST)";
				CODE_SIGN_STYLE = Automatic;
				CURRENT_PROJECT_VERSION = 1;
				DEAD_CODE_STRIPPING = YES;
				DEVELOPMENT_TEAM = M6TAN2VDBC;
				GENERATE_INFOPLIST_FILE = YES;
				IPHONEOS_DEPLOYMENT_TARGET = 16.0;
				MACOSX_DEPLOYMENT_TARGET = 12.3;
				MARKETING_VERSION = 1.0;
				PRODUCT_BUNDLE_IDENTIFIER = io.rymcode.RadianiteTests;
				PRODUCT_NAME = "$(TARGET_NAME)";
				SDKROOT = auto;
				SUPPORTED_PLATFORMS = "iphoneos iphonesimulator macosx";
				SWIFT_EMIT_LOC_STRINGS = NO;
				SWIFT_VERSION = 5.0;
				TARGETED_DEVICE_FAMILY = "1,2";
				TEST_HOST = "$(BUILT_PRODUCTS_DIR)/Radianite.app/$(BUNDLE_EXECUTABLE_FOLDER_PATH)/Radianite";
			};
			name = Debug;
		};
		02D8E82E28FDB4A4006ACD69 /* Release */ = {
			isa = XCBuildConfiguration;
			buildSettings = {
				ALWAYS_EMBED_SWIFT_STANDARD_LIBRARIES = YES;
				BUNDLE_LOADER = "$(TEST_HOST)";
				CODE_SIGN_STYLE = Automatic;
				CURRENT_PROJECT_VERSION = 1;
				DEAD_CODE_STRIPPING = YES;
				DEVELOPMENT_TEAM = M6TAN2VDBC;
				GENERATE_INFOPLIST_FILE = YES;
				IPHONEOS_DEPLOYMENT_TARGET = 16.0;
				MACOSX_DEPLOYMENT_TARGET = 12.3;
				MARKETING_VERSION = 1.0;
				PRODUCT_BUNDLE_IDENTIFIER = io.rymcode.RadianiteTests;
				PRODUCT_NAME = "$(TARGET_NAME)";
				SDKROOT = auto;
				SUPPORTED_PLATFORMS = "iphoneos iphonesimulator macosx";
				SWIFT_EMIT_LOC_STRINGS = NO;
				SWIFT_VERSION = 5.0;
				TARGETED_DEVICE_FAMILY = "1,2";
				TEST_HOST = "$(BUILT_PRODUCTS_DIR)/Radianite.app/$(BUNDLE_EXECUTABLE_FOLDER_PATH)/Radianite";
			};
			name = Release;
		};
		02D8E83028FDB4A4006ACD69 /* Debug */ = {
			isa = XCBuildConfiguration;
			buildSettings = {
				ALWAYS_EMBED_SWIFT_STANDARD_LIBRARIES = YES;
				CODE_SIGN_STYLE = Automatic;
				CURRENT_PROJECT_VERSION = 1;
				DEAD_CODE_STRIPPING = YES;
				DEVELOPMENT_TEAM = M6TAN2VDBC;
				GENERATE_INFOPLIST_FILE = YES;
				IPHONEOS_DEPLOYMENT_TARGET = 16.0;
				MACOSX_DEPLOYMENT_TARGET = 12.3;
				MARKETING_VERSION = 1.0;
				PRODUCT_BUNDLE_IDENTIFIER = io.rymcode.RadianiteUITests;
				PRODUCT_NAME = "$(TARGET_NAME)";
				SDKROOT = auto;
				SUPPORTED_PLATFORMS = "iphoneos iphonesimulator macosx";
				SWIFT_EMIT_LOC_STRINGS = NO;
				SWIFT_VERSION = 5.0;
				TARGETED_DEVICE_FAMILY = "1,2";
				TEST_TARGET_NAME = Radianite;
			};
			name = Debug;
		};
		02D8E83128FDB4A4006ACD69 /* Release */ = {
			isa = XCBuildConfiguration;
			buildSettings = {
				ALWAYS_EMBED_SWIFT_STANDARD_LIBRARIES = YES;
				CODE_SIGN_STYLE = Automatic;
				CURRENT_PROJECT_VERSION = 1;
				DEAD_CODE_STRIPPING = YES;
				DEVELOPMENT_TEAM = M6TAN2VDBC;
				GENERATE_INFOPLIST_FILE = YES;
				IPHONEOS_DEPLOYMENT_TARGET = 16.0;
				MACOSX_DEPLOYMENT_TARGET = 12.3;
				MARKETING_VERSION = 1.0;
				PRODUCT_BUNDLE_IDENTIFIER = io.rymcode.RadianiteUITests;
				PRODUCT_NAME = "$(TARGET_NAME)";
				SDKROOT = auto;
				SUPPORTED_PLATFORMS = "iphoneos iphonesimulator macosx";
				SWIFT_EMIT_LOC_STRINGS = NO;
				SWIFT_VERSION = 5.0;
				TARGETED_DEVICE_FAMILY = "1,2";
				TEST_TARGET_NAME = Radianite;
			};
			name = Release;
		};
/* End XCBuildConfiguration section */

/* Begin XCConfigurationList section */
		02D8E7FF28FDB4A1006ACD69 /* Build configuration list for PBXProject "Radianite" */ = {
			isa = XCConfigurationList;
			buildConfigurations = (
				02D8E82728FDB4A4006ACD69 /* Debug */,
				02D8E82828FDB4A4006ACD69 /* Release */,
			);
			defaultConfigurationIsVisible = 0;
			defaultConfigurationName = Release;
		};
		02D8E82928FDB4A4006ACD69 /* Build configuration list for PBXNativeTarget "Radianite" */ = {
			isa = XCConfigurationList;
			buildConfigurations = (
				02D8E82A28FDB4A4006ACD69 /* Debug */,
				02D8E82B28FDB4A4006ACD69 /* Release */,
			);
			defaultConfigurationIsVisible = 0;
			defaultConfigurationName = Release;
		};
		02D8E82C28FDB4A4006ACD69 /* Build configuration list for PBXNativeTarget "RadianiteTests" */ = {
			isa = XCConfigurationList;
			buildConfigurations = (
				02D8E82D28FDB4A4006ACD69 /* Debug */,
				02D8E82E28FDB4A4006ACD69 /* Release */,
			);
			defaultConfigurationIsVisible = 0;
			defaultConfigurationName = Release;
		};
		02D8E82F28FDB4A4006ACD69 /* Build configuration list for PBXNativeTarget "RadianiteUITests" */ = {
			isa = XCConfigurationList;
			buildConfigurations = (
				02D8E83028FDB4A4006ACD69 /* Debug */,
				02D8E83128FDB4A4006ACD69 /* Release */,
			);
			defaultConfigurationIsVisible = 0;
			defaultConfigurationName = Release;
		};
/* End XCConfigurationList section */
	};
	rootObject = 02D8E7FC28FDB4A1006ACD69 /* Project object */;
}
